
Microsoft Visual Studio Solution File, Format Version 12.00
# Visual Studio Version 17
VisualStudioVersion = 17.0.31919.166
MinimumVisualStudioVersion = 10.0.40219.1
Project("{FAE04EC0-301F-11D3-BF4B-00C04F79EFBC}") = "CoffeeNext.Android", "CoffeeNext\CoffeeNext.Android\CoffeeNext.Android.csproj", "{5BA7F6E7-6086-422C-BEBF-F73E1FEBD592}"
EndProject
Project("{FAE04EC0-301F-11D3-BF4B-00C04F79EFBC}") = "CoffeeNext.iOS", "CoffeeNext\CoffeeNext.iOS\CoffeeNext.iOS.csproj", "{71AF14FB-D938-42EA-B4AF-36966AAD1C23}"
EndProject
Project("{FAE04EC0-301F-11D3-BF4B-00C04F79EFBC}") = "CoffeeNext", "CoffeeNext\CoffeeNext\CoffeeNext.csproj", "{71AA9CD7-2D02-4053-88BB-03805FB773B7}"
EndProject
Global
	GlobalSection(SolutionConfigurationPlatforms) = preSolution
		Debug|Any CPU = Debug|Any CPU
		Debug|iPhone = Debug|iPhone
		Debug|iPhoneSimulator = Debug|iPhoneSimulator
		Release|Any CPU = Release|Any CPU
		Release|iPhone = Release|iPhone
		Release|iPhoneSimulator = Release|iPhoneSimulator
	EndGlobalSection
	GlobalSection(ProjectConfigurationPlatforms) = postSolution
		{5BA7F6E7-6086-422C-BEBF-F73E1FEBD592}.Debug|Any CPU.ActiveCfg = Debug|Any CPU
		{5BA7F6E7-6086-422C-BEBF-F73E1FEBD592}.Debug|Any CPU.Build.0 = Debug|Any CPU
		{5BA7F6E7-6086-422C-BEBF-F73E1FEBD592}.Debug|Any CPU.Deploy.0 = Debug|Any CPU
		{5BA7F6E7-6086-422C-BEBF-F73E1FEBD592}.Debug|iPhone.ActiveCfg = Debug|Any CPU
		{5BA7F6E7-6086-422C-BEBF-F73E1FEBD592}.Debug|iPhone.Build.0 = Debug|Any CPU
		{5BA7F6E7-6086-422C-BEBF-F73E1FEBD592}.Debug|iPhone.Deploy.0 = Debug|Any CPU
		{5BA7F6E7-6086-422C-BEBF-F73E1FEBD592}.Debug|iPhoneSimulator.ActiveCfg = Debug|Any CPU
		{5BA7F6E7-6086-422C-BEBF-F73E1FEBD592}.Debug|iPhoneSimulator.Build.0 = Debug|Any CPU
		{5BA7F6E7-6086-422C-BEBF-F73E1FEBD592}.Debug|iPhoneSimulator.Deploy.0 = Debug|Any CPU
		{5BA7F6E7-6086-422C-BEBF-F73E1FEBD592}.Release|Any CPU.ActiveCfg = Release|Any CPU
		{5BA7F6E7-6086-422C-BEBF-F73E1FEBD592}.Release|Any CPU.Build.0 = Release|Any CPU
		{5BA7F6E7-6086-422C-BEBF-F73E1FEBD592}.Release|Any CPU.Deploy.0 = Release|Any CPU
		{5BA7F6E7-6086-422C-BEBF-F73E1FEBD592}.Release|iPhone.ActiveCfg = Release|Any CPU
		{5BA7F6E7-6086-422C-BEBF-F73E1FEBD592}.Release|iPhone.Build.0 = Release|Any CPU
		{5BA7F6E7-6086-422C-BEBF-F73E1FEBD592}.Release|iPhone.Deploy.0 = Release|Any CPU
		{5BA7F6E7-6086-422C-BEBF-F73E1FEBD592}.Release|iPhoneSimulator.ActiveCfg = Release|Any CPU
		{5BA7F6E7-6086-422C-BEBF-F73E1FEBD592}.Release|iPhoneSimulator.Build.0 = Release|Any CPU
		{5BA7F6E7-6086-422C-BEBF-F73E1FEBD592}.Release|iPhoneSimulator.Deploy.0 = Release|Any CPU
		{71AF14FB-D938-42EA-B4AF-36966AAD1C23}.Debug|Any CPU.ActiveCfg = Debug|iPhone
		{71AF14FB-D938-42EA-B4AF-36966AAD1C23}.Debug|Any CPU.Build.0 = Debug|iPhone
		{71AF14FB-D938-42EA-B4AF-36966AAD1C23}.Debug|Any CPU.Deploy.0 = Debug|iPhone
		{71AF14FB-D938-42EA-B4AF-36966AAD1C23}.Debug|iPhone.ActiveCfg = Debug|iPhone
		{71AF14FB-D938-42EA-B4AF-36966AAD1C23}.Debug|iPhone.Build.0 = Debug|iPhone
		{71AF14FB-D938-42EA-B4AF-36966AAD1C23}.Debug|iPhone.Deploy.0 = Debug|iPhone
		{71AF14FB-D938-42EA-B4AF-36966AAD1C23}.Debug|iPhoneSimulator.ActiveCfg = Debug|iPhoneSimulator
		{71AF14FB-D938-42EA-B4AF-36966AAD1C23}.Debug|iPhoneSimulator.Build.0 = Debug|iPhoneSimulator
		{71AF14FB-D938-42EA-B4AF-36966AAD1C23}.Debug|iPhoneSimulator.Deploy.0 = Debug|iPhoneSimulator
		{71AF14FB-D938-42EA-B4AF-36966AAD1C23}.Release|Any CPU.ActiveCfg = Release|iPhoneSimulator
		{71AF14FB-D938-42EA-B4AF-36966AAD1C23}.Release|Any CPU.Build.0 = Release|iPhoneSimulator
		{71AF14FB-D938-42EA-B4AF-36966AAD1C23}.Release|Any CPU.Deploy.0 = Release|iPhoneSimulator
		{71AF14FB-D938-42EA-B4AF-36966AAD1C23}.Release|iPhone.ActiveCfg = Release|iPhone
		{71AF14FB-D938-42EA-B4AF-36966AAD1C23}.Release|iPhone.Build.0 = Release|iPhone
		{71AF14FB-D938-42EA-B4AF-36966AAD1C23}.Release|iPhone.Deploy.0 = Release|iPhone
		{71AF14FB-D938-42EA-B4AF-36966AAD1C23}.Release|iPhoneSimulator.ActiveCfg = Release|iPhoneSimulator
		{71AF14FB-D938-42EA-B4AF-36966AAD1C23}.Release|iPhoneSimulator.Build.0 = Release|iPhoneSimulator
		{71AF14FB-D938-42EA-B4AF-36966AAD1C23}.Release|iPhoneSimulator.Deploy.0 = Release|iPhoneSimulator
		{71AA9CD7-2D02-4053-88BB-03805FB773B7}.Debug|Any CPU.ActiveCfg = Debug|Any CPU
		{71AA9CD7-2D02-4053-88BB-03805FB773B7}.Debug|Any CPU.Build.0 = Debug|Any CPU
		{71AA9CD7-2D02-4053-88BB-03805FB773B7}.Debug|Any CPU.Deploy.0 = Debug|Any CPU
		{71AA9CD7-2D02-4053-88BB-03805FB773B7}.Debug|iPhone.ActiveCfg = Debug|Any CPU
		{71AA9CD7-2D02-4053-88BB-03805FB773B7}.Debug|iPhone.Build.0 = Debug|Any CPU
		{71AA9CD7-2D02-4053-88BB-03805FB773B7}.Debug|iPhone.Deploy.0 = Debug|Any CPU
		{71AA9CD7-2D02-4053-88BB-03805FB773B7}.Debug|iPhoneSimulator.ActiveCfg = Debug|Any CPU
		{71AA9CD7-2D02-4053-88BB-03805FB773B7}.Debug|iPhoneSimulator.Build.0 = Debug|Any CPU
		{71AA9CD7-2D02-4053-88BB-03805FB773B7}.Debug|iPhoneSimulator.Deploy.0 = Debug|Any CPU
		{71AA9CD7-2D02-4053-88BB-03805FB773B7}.Release|Any CPU.ActiveCfg = Release|Any CPU
		{71AA9CD7-2D02-4053-88BB-03805FB773B7}.Release|Any CPU.Build.0 = Release|Any CPU
		{71AA9CD7-2D02-4053-88BB-03805FB773B7}.Release|Any CPU.Deploy.0 = Release|Any CPU
		{71AA9CD7-2D02-4053-88BB-03805FB773B7}.Release|iPhone.ActiveCfg = Release|Any CPU
		{71AA9CD7-2D02-4053-88BB-03805FB773B7}.Release|iPhone.Build.0 = Release|Any CPU
		{71AA9CD7-2D02-4053-88BB-03805FB773B7}.Release|iPhone.Deploy.0 = Release|Any CPU
		{71AA9CD7-2D02-4053-88BB-03805FB773B7}.Release|iPhoneSimulator.ActiveCfg = Release|Any CPU
		{71AA9CD7-2D02-4053-88BB-03805FB773B7}.Release|iPhoneSimulator.Build.0 = Release|Any CPU
		{71AA9CD7-2D02-4053-88BB-03805FB773B7}.Release|iPhoneSimulator.Deploy.0 = Release|Any CPU
	EndGlobalSection
	GlobalSection(SolutionProperties) = preSolution
		HideSolutionNode = FALSE
	EndGlobalSection
	GlobalSection(ExtensibilityGlobals) = postSolution
		SolutionGuid = {8B627F4D-AE05-4371-A5DB-FAF00C0279B3}
	EndGlobalSection
EndGlobal
